
Microsoft Visual Studio Solution File, Format Version 12.00
# Visual Studio 15
VisualStudioVersion = 15.0.28307.960
MinimumVisualStudioVersion = 10.0.40219.1
Project("{FAE04EC0-301F-11D3-BF4B-00C04F79EFBC}") = "IoTClock", "IoTClock\IoTClock.csproj", "{4ED5B347-6261-4C9B-9508-7ED2F7DDC8ED}"
EndProject
Global
	GlobalSection(SolutionConfigurationPlatforms) = preSolution
		Debug|ARM = Debug|ARM
		Debug|ARM64 = Debug|ARM64
		Debug|x64 = Debug|x64
		Debug|x86 = Debug|x86
		Release|ARM = Release|ARM
		Release|ARM64 = Release|ARM64
		Release|x64 = Release|x64
		Release|x86 = Release|x86
	EndGlobalSection
	GlobalSection(ProjectConfigurationPlatforms) = postSolution
		{4ED5B347-6261-4C9B-9508-7ED2F7DDC8ED}.Debug|ARM.ActiveCfg = Debug|ARM
		{4ED5B347-6261-4C9B-9508-7ED2F7DDC8ED}.Debug|ARM.Build.0 = Debug|ARM
		{4ED5B347-6261-4C9B-9508-7ED2F7DDC8ED}.Debug|ARM.Deploy.0 = Debug|ARM
		{4ED5B347-6261-4C9B-9508-7ED2F7DDC8ED}.Debug|ARM64.ActiveCfg = Debug|ARM64
		{4ED5B347-6261-4C9B-9508-7ED2F7DDC8ED}.Debug|ARM64.Build.0 = Debug|ARM64
		{4ED5B347-6261-4C9B-9508-7ED2F7DDC8ED}.Debug|ARM64.Deploy.0 = Debug|ARM64
		{4ED5B347-6261-4C9B-9508-7ED2F7DDC8ED}.Debug|x64.ActiveCfg = Debug|x64
		{4ED5B347-6261-4C9B-9508-7ED2F7DDC8ED}.Debug|x64.Build.0 = Debug|x64
		{4ED5B347-6261-4C9B-9508-7ED2F7DDC8ED}.Debug|x64.Deploy.0 = Debug|x64
		{4ED5B347-6261-4C9B-9508-7ED2F7DDC8ED}.Debug|x86.ActiveCfg = Debug|x86
		{4ED5B347-6261-4C9B-9508-7ED2F7DDC8ED}.Debug|x86.Build.0 = Debug|x86
		{4ED5B347-6261-4C9B-9508-7ED2F7DDC8ED}.Debug|x86.Deploy.0 = Debug|x86
		{4ED5B347-6261-4C9B-9508-7ED2F7DDC8ED}.Release|ARM.ActiveCfg = Release|ARM
		{4ED5B347-6261-4C9B-9508-7ED2F7DDC8ED}.Release|ARM.Build.0 = Release|ARM
		{4ED5B347-6261-4C9B-9508-7ED2F7DDC8ED}.Release|ARM.Deploy.0 = Release|ARM
		{4ED5B347-6261-4C9B-9508-7ED2F7DDC8ED}.Release|ARM64.ActiveCfg = Release|ARM64
		{4ED5B347-6261-4C9B-9508-7ED2F7DDC8ED}.Release|ARM64.Build.0 = Release|ARM64
		{4ED5B347-6261-4C9B-9508-7ED2F7DDC8ED}.Release|ARM64.Deploy.0 = Release|ARM64
		{4ED5B347-6261-4C9B-9508-7ED2F7DDC8ED}.Release|x64.ActiveCfg = Release|x64
		{4ED5B347-6261-4C9B-9508-7ED2F7DDC8ED}.Release|x64.Build.0 = Release|x64
		{4ED5B347-6261-4C9B-9508-7ED2F7DDC8ED}.Release|x64.Deploy.0 = Release|x64
		{4ED5B347-6261-4C9B-9508-7ED2F7DDC8ED}.Release|x86.ActiveCfg = Release|x86
		{4ED5B347-6261-4C9B-9508-7ED2F7DDC8ED}.Release|x86.Build.0 = Release|x86
		{4ED5B347-6261-4C9B-9508-7ED2F7DDC8ED}.Release|x86.Deploy.0 = Release|x86
	EndGlobalSection
	GlobalSection(SolutionProperties) = preSolution
		HideSolutionNode = FALSE
	EndGlobalSection
	GlobalSection(ExtensibilityGlobals) = postSolution
		SolutionGuid = {8AC1BA6D-15FA-46EA-B8AE-F672877B77D3}
	EndGlobalSection
EndGlobal
