
Microsoft Visual Studio Solution File, Format Version 12.00
# Visual Studio 15
VisualStudioVersion = 15.0.28307.902
MinimumVisualStudioVersion = 10.0.40219.1
Project("{FAE04EC0-301F-11D3-BF4B-00C04F79EFBC}") = "Calculator", "Calculator\Calculator.csproj", "{01DDD73A-FA87-4EF4-BC0E-5C37A8419EC6}"
EndProject
Global
	GlobalSection(SolutionConfigurationPlatforms) = preSolution
		Debug|Any CPU = Debug|Any CPU
		Release|Any CPU = Release|Any CPU
	EndGlobalSection
	GlobalSection(ProjectConfigurationPlatforms) = postSolution
		{01DDD73A-FA87-4EF4-BC0E-5C37A8419EC6}.Debug|Any CPU.ActiveCfg = Debug|Any CPU
		{01DDD73A-FA87-4EF4-BC0E-5C37A8419EC6}.Debug|Any CPU.Build.0 = Debug|Any CPU
		{01DDD73A-FA87-4EF4-BC0E-5C37A8419EC6}.Release|Any CPU.ActiveCfg = Release|Any CPU
		{01DDD73A-FA87-4EF4-BC0E-5C37A8419EC6}.Release|Any CPU.Build.0 = Release|Any CPU
	EndGlobalSection
	GlobalSection(SolutionProperties) = preSolution
		HideSolutionNode = FALSE
	EndGlobalSection
	GlobalSection(ExtensibilityGlobals) = postSolution
		SolutionGuid = {56B22F07-873C-4932-86A0-4CE64B50E875}
	EndGlobalSection
EndGlobal
